
Microsoft Visual Studio Solution File, Format Version 12.00
# Visual Studio Version 17
VisualStudioVersion = 17.8.34316.72
MinimumVisualStudioVersion = 10.0.40219.1
Project("{FAE04EC0-301F-11D3-BF4B-00C04F79EFBC}") = "NETCoreMVC_Notlarim", "NETCoreMVC_Notlarim\NETCoreMVC_Notlarim.csproj", "{2E8B5D65-D362-4D8C-A36F-831265542D7B}"
EndProject
Global
	GlobalSection(SolutionConfigurationPlatforms) = preSolution
		Debug|Any CPU = Debug|Any CPU
		Release|Any CPU = Release|Any CPU
	EndGlobalSection
	GlobalSection(ProjectConfigurationPlatforms) = postSolution
		{2E8B5D65-D362-4D8C-A36F-831265542D7B}.Debug|Any CPU.ActiveCfg = Debug|Any CPU
		{2E8B5D65-D362-4D8C-A36F-831265542D7B}.Debug|Any CPU.Build.0 = Debug|Any CPU
		{2E8B5D65-D362-4D8C-A36F-831265542D7B}.Release|Any CPU.ActiveCfg = Release|Any CPU
		{2E8B5D65-D362-4D8C-A36F-831265542D7B}.Release|Any CPU.Build.0 = Release|Any CPU
	EndGlobalSection
	GlobalSection(SolutionProperties) = preSolution
		HideSolutionNode = FALSE
	EndGlobalSection
	GlobalSection(ExtensibilityGlobals) = postSolution
		SolutionGuid = {B2A56928-20E8-4CA2-94DC-185C78517323}
	EndGlobalSection
EndGlobal
